
Microsoft Visual Studio Solution File, Format Version 12.00
# Visual Studio Version 17
VisualStudioVersion = 17.0.31912.275
MinimumVisualStudioVersion = 10.0.40219.1
Project("{9A19103F-16F7-4668-BE54-9A1E7A4F7556}") = "ex.1", "ex.1\ex.1.csproj", "{D8E74E4E-0C22-4336-925B-7D3D98391B6F}"
EndProject
Project("{9A19103F-16F7-4668-BE54-9A1E7A4F7556}") = "ex.2", "ex.2\ex.2.csproj", "{46DB0DD1-513A-4353-B608-2C884B981107}"
EndProject
Project("{9A19103F-16F7-4668-BE54-9A1E7A4F7556}") = "ex.3", "ex.3\ex.3.csproj", "{4695877E-6089-4BC4-A943-EBF653DCECA9}"
EndProject
Project("{FAE04EC0-301F-11D3-BF4B-00C04F79EFBC}") = "ex.4", "ex.4\ex.4.csproj", "{1FB4073C-98A7-4AE9-838B-07BBAF2CBD5C}"
EndProject
Project("{FAE04EC0-301F-11D3-BF4B-00C04F79EFBC}") = "ex.5", "ex.5\ex.5.csproj", "{4707A533-4EB2-4E88-B8F3-6A5C263F3F2A}"
EndProject
Global
	GlobalSection(SolutionConfigurationPlatforms) = preSolution
		Debug|Any CPU = Debug|Any CPU
		Release|Any CPU = Release|Any CPU
	EndGlobalSection
	GlobalSection(ProjectConfigurationPlatforms) = postSolution
		{D8E74E4E-0C22-4336-925B-7D3D98391B6F}.Debug|Any CPU.ActiveCfg = Debug|Any CPU
		{D8E74E4E-0C22-4336-925B-7D3D98391B6F}.Debug|Any CPU.Build.0 = Debug|Any CPU
		{D8E74E4E-0C22-4336-925B-7D3D98391B6F}.Release|Any CPU.ActiveCfg = Release|Any CPU
		{D8E74E4E-0C22-4336-925B-7D3D98391B6F}.Release|Any CPU.Build.0 = Release|Any CPU
		{46DB0DD1-513A-4353-B608-2C884B981107}.Debug|Any CPU.ActiveCfg = Debug|Any CPU
		{46DB0DD1-513A-4353-B608-2C884B981107}.Debug|Any CPU.Build.0 = Debug|Any CPU
		{46DB0DD1-513A-4353-B608-2C884B981107}.Release|Any CPU.ActiveCfg = Release|Any CPU
		{46DB0DD1-513A-4353-B608-2C884B981107}.Release|Any CPU.Build.0 = Release|Any CPU
		{4695877E-6089-4BC4-A943-EBF653DCECA9}.Debug|Any CPU.ActiveCfg = Debug|Any CPU
		{4695877E-6089-4BC4-A943-EBF653DCECA9}.Debug|Any CPU.Build.0 = Debug|Any CPU
		{4695877E-6089-4BC4-A943-EBF653DCECA9}.Release|Any CPU.ActiveCfg = Release|Any CPU
		{4695877E-6089-4BC4-A943-EBF653DCECA9}.Release|Any CPU.Build.0 = Release|Any CPU
		{1FB4073C-98A7-4AE9-838B-07BBAF2CBD5C}.Debug|Any CPU.ActiveCfg = Debug|Any CPU
		{1FB4073C-98A7-4AE9-838B-07BBAF2CBD5C}.Debug|Any CPU.Build.0 = Debug|Any CPU
		{1FB4073C-98A7-4AE9-838B-07BBAF2CBD5C}.Release|Any CPU.ActiveCfg = Release|Any CPU
		{1FB4073C-98A7-4AE9-838B-07BBAF2CBD5C}.Release|Any CPU.Build.0 = Release|Any CPU
		{4707A533-4EB2-4E88-B8F3-6A5C263F3F2A}.Debug|Any CPU.ActiveCfg = Debug|Any CPU
		{4707A533-4EB2-4E88-B8F3-6A5C263F3F2A}.Debug|Any CPU.Build.0 = Debug|Any CPU
		{4707A533-4EB2-4E88-B8F3-6A5C263F3F2A}.Release|Any CPU.ActiveCfg = Release|Any CPU
		{4707A533-4EB2-4E88-B8F3-6A5C263F3F2A}.Release|Any CPU.Build.0 = Release|Any CPU
	EndGlobalSection
	GlobalSection(SolutionProperties) = preSolution
		HideSolutionNode = FALSE
	EndGlobalSection
	GlobalSection(ExtensibilityGlobals) = postSolution
		SolutionGuid = {1EC28C10-621A-4D50-971D-CE66369FF17F}
	EndGlobalSection
EndGlobal
