
Microsoft Visual Studio Solution File, Format Version 12.00
# Visual Studio Version 17
VisualStudioVersion = 17.0.31912.275
MinimumVisualStudioVersion = 10.0.40219.1
Project("{FAE04EC0-301F-11D3-BF4B-00C04F79EFBC}") = "ex.1", "ex.1\ex.1.csproj", "{D8E74E4E-0C22-4336-925B-7D3D98391B6F}"
EndProject
Global
	GlobalSection(SolutionConfigurationPlatforms) = preSolution
		Debug|Any CPU = Debug|Any CPU
		Release|Any CPU = Release|Any CPU
	EndGlobalSection
	GlobalSection(ProjectConfigurationPlatforms) = postSolution
		{D8E74E4E-0C22-4336-925B-7D3D98391B6F}.Debug|Any CPU.ActiveCfg = Debug|Any CPU
		{D8E74E4E-0C22-4336-925B-7D3D98391B6F}.Debug|Any CPU.Build.0 = Debug|Any CPU
		{D8E74E4E-0C22-4336-925B-7D3D98391B6F}.Release|Any CPU.ActiveCfg = Release|Any CPU
		{D8E74E4E-0C22-4336-925B-7D3D98391B6F}.Release|Any CPU.Build.0 = Release|Any CPU
	EndGlobalSection
	GlobalSection(SolutionProperties) = preSolution
		HideSolutionNode = FALSE
	EndGlobalSection
	GlobalSection(ExtensibilityGlobals) = postSolution
		SolutionGuid = {1EC28C10-621A-4D50-971D-CE66369FF17F}
	EndGlobalSection
EndGlobal
