
Microsoft Visual Studio Solution File, Format Version 12.00
# Visual Studio Version 17
VisualStudioVersion = 17.0.31919.166
MinimumVisualStudioVersion = 10.0.40219.1
Project("{9A19103F-16F7-4668-BE54-9A1E7A4F7556}") = "ex.1", "ex.1\ex.1.csproj", "{F079BCB6-4071-41D4-B969-4CC001D41410}"
EndProject
Project("{9A19103F-16F7-4668-BE54-9A1E7A4F7556}") = "ex.2", "ex.2\ex.2.csproj", "{0B8E3628-F7D0-4438-B74E-0E98D8642459}"
EndProject
Project("{9A19103F-16F7-4668-BE54-9A1E7A4F7556}") = "ex.3", "ex.3\ex.3.csproj", "{BFFED6F1-2363-438F-A61C-432943DD5769}"
EndProject
Project("{FAE04EC0-301F-11D3-BF4B-00C04F79EFBC}") = "ex.4", "ex.4\ex.4.csproj", "{C0AD8F2C-0F71-4CE5-AE9E-D88F252A6C26}"
EndProject
Project("{FAE04EC0-301F-11D3-BF4B-00C04F79EFBC}") = "ex.5", "ex.5\ex.5.csproj", "{C50FCF7E-471F-47C6-826C-5FB39593FDA3}"
EndProject
Project("{FAE04EC0-301F-11D3-BF4B-00C04F79EFBC}") = "ex.6", "ex.6\ex.6.csproj", "{CFFDA0F8-7EB6-4E38-99A7-2768DF0ACB0C}"
EndProject
Project("{FAE04EC0-301F-11D3-BF4B-00C04F79EFBC}") = "ex.7", "ex.7\ex.7.csproj", "{E57B3571-8872-47A0-A8E3-9C233E9BF37F}"
EndProject
Project("{FAE04EC0-301F-11D3-BF4B-00C04F79EFBC}") = "ex.8", "ex.8\ex.8.csproj", "{E0249B35-1A94-4A4A-B269-72E0C6145757}"
EndProject
Project("{FAE04EC0-301F-11D3-BF4B-00C04F79EFBC}") = "ex.9", "ex.9\ex.9.csproj", "{3F9C3D20-64FF-4A99-A253-2819FDEBFB3E}"
EndProject
Project("{FAE04EC0-301F-11D3-BF4B-00C04F79EFBC}") = "ex.10", "ex.10\ex.10.csproj", "{67E8A86E-9804-4D0F-8D4C-2894070320F7}"
EndProject
Project("{FAE04EC0-301F-11D3-BF4B-00C04F79EFBC}") = "ex.11", "ex.11\ex.11.csproj", "{0897A24A-FAC0-4FCD-96FB-4FF7F95A10DE}"
EndProject
Project("{FAE04EC0-301F-11D3-BF4B-00C04F79EFBC}") = "ex.12", "ex.12\ex.12.csproj", "{3EC90C68-C2DD-45CF-AB43-BDEFF9E781A0}"
EndProject
Project("{FAE04EC0-301F-11D3-BF4B-00C04F79EFBC}") = "ex.13", "ex.13\ex.13.csproj", "{42C8A323-379A-4206-B492-88C1052B5E4B}"
EndProject
Project("{FAE04EC0-301F-11D3-BF4B-00C04F79EFBC}") = "ex.14", "ex.14\ex.14.csproj", "{6C41232C-6381-4319-8903-1F2C5CE50E96}"
EndProject
Global
	GlobalSection(SolutionConfigurationPlatforms) = preSolution
		Debug|Any CPU = Debug|Any CPU
		Release|Any CPU = Release|Any CPU
	EndGlobalSection
	GlobalSection(ProjectConfigurationPlatforms) = postSolution
		{F079BCB6-4071-41D4-B969-4CC001D41410}.Debug|Any CPU.ActiveCfg = Debug|Any CPU
		{F079BCB6-4071-41D4-B969-4CC001D41410}.Debug|Any CPU.Build.0 = Debug|Any CPU
		{F079BCB6-4071-41D4-B969-4CC001D41410}.Release|Any CPU.ActiveCfg = Release|Any CPU
		{F079BCB6-4071-41D4-B969-4CC001D41410}.Release|Any CPU.Build.0 = Release|Any CPU
		{0B8E3628-F7D0-4438-B74E-0E98D8642459}.Debug|Any CPU.ActiveCfg = Debug|Any CPU
		{0B8E3628-F7D0-4438-B74E-0E98D8642459}.Debug|Any CPU.Build.0 = Debug|Any CPU
		{0B8E3628-F7D0-4438-B74E-0E98D8642459}.Release|Any CPU.ActiveCfg = Release|Any CPU
		{0B8E3628-F7D0-4438-B74E-0E98D8642459}.Release|Any CPU.Build.0 = Release|Any CPU
		{BFFED6F1-2363-438F-A61C-432943DD5769}.Debug|Any CPU.ActiveCfg = Debug|Any CPU
		{BFFED6F1-2363-438F-A61C-432943DD5769}.Debug|Any CPU.Build.0 = Debug|Any CPU
		{BFFED6F1-2363-438F-A61C-432943DD5769}.Release|Any CPU.ActiveCfg = Release|Any CPU
		{BFFED6F1-2363-438F-A61C-432943DD5769}.Release|Any CPU.Build.0 = Release|Any CPU
		{C0AD8F2C-0F71-4CE5-AE9E-D88F252A6C26}.Debug|Any CPU.ActiveCfg = Debug|Any CPU
		{C0AD8F2C-0F71-4CE5-AE9E-D88F252A6C26}.Debug|Any CPU.Build.0 = Debug|Any CPU
		{C0AD8F2C-0F71-4CE5-AE9E-D88F252A6C26}.Release|Any CPU.ActiveCfg = Release|Any CPU
		{C0AD8F2C-0F71-4CE5-AE9E-D88F252A6C26}.Release|Any CPU.Build.0 = Release|Any CPU
		{C50FCF7E-471F-47C6-826C-5FB39593FDA3}.Debug|Any CPU.ActiveCfg = Debug|Any CPU
		{C50FCF7E-471F-47C6-826C-5FB39593FDA3}.Debug|Any CPU.Build.0 = Debug|Any CPU
		{C50FCF7E-471F-47C6-826C-5FB39593FDA3}.Release|Any CPU.ActiveCfg = Release|Any CPU
		{C50FCF7E-471F-47C6-826C-5FB39593FDA3}.Release|Any CPU.Build.0 = Release|Any CPU
		{CFFDA0F8-7EB6-4E38-99A7-2768DF0ACB0C}.Debug|Any CPU.ActiveCfg = Debug|Any CPU
		{CFFDA0F8-7EB6-4E38-99A7-2768DF0ACB0C}.Debug|Any CPU.Build.0 = Debug|Any CPU
		{CFFDA0F8-7EB6-4E38-99A7-2768DF0ACB0C}.Release|Any CPU.ActiveCfg = Release|Any CPU
		{CFFDA0F8-7EB6-4E38-99A7-2768DF0ACB0C}.Release|Any CPU.Build.0 = Release|Any CPU
		{E57B3571-8872-47A0-A8E3-9C233E9BF37F}.Debug|Any CPU.ActiveCfg = Debug|Any CPU
		{E57B3571-8872-47A0-A8E3-9C233E9BF37F}.Debug|Any CPU.Build.0 = Debug|Any CPU
		{E57B3571-8872-47A0-A8E3-9C233E9BF37F}.Release|Any CPU.ActiveCfg = Release|Any CPU
		{E57B3571-8872-47A0-A8E3-9C233E9BF37F}.Release|Any CPU.Build.0 = Release|Any CPU
		{E0249B35-1A94-4A4A-B269-72E0C6145757}.Debug|Any CPU.ActiveCfg = Debug|Any CPU
		{E0249B35-1A94-4A4A-B269-72E0C6145757}.Debug|Any CPU.Build.0 = Debug|Any CPU
		{E0249B35-1A94-4A4A-B269-72E0C6145757}.Release|Any CPU.ActiveCfg = Release|Any CPU
		{E0249B35-1A94-4A4A-B269-72E0C6145757}.Release|Any CPU.Build.0 = Release|Any CPU
		{3F9C3D20-64FF-4A99-A253-2819FDEBFB3E}.Debug|Any CPU.ActiveCfg = Debug|Any CPU
		{3F9C3D20-64FF-4A99-A253-2819FDEBFB3E}.Debug|Any CPU.Build.0 = Debug|Any CPU
		{3F9C3D20-64FF-4A99-A253-2819FDEBFB3E}.Release|Any CPU.ActiveCfg = Release|Any CPU
		{3F9C3D20-64FF-4A99-A253-2819FDEBFB3E}.Release|Any CPU.Build.0 = Release|Any CPU
		{67E8A86E-9804-4D0F-8D4C-2894070320F7}.Debug|Any CPU.ActiveCfg = Debug|Any CPU
		{67E8A86E-9804-4D0F-8D4C-2894070320F7}.Debug|Any CPU.Build.0 = Debug|Any CPU
		{67E8A86E-9804-4D0F-8D4C-2894070320F7}.Release|Any CPU.ActiveCfg = Release|Any CPU
		{67E8A86E-9804-4D0F-8D4C-2894070320F7}.Release|Any CPU.Build.0 = Release|Any CPU
		{0897A24A-FAC0-4FCD-96FB-4FF7F95A10DE}.Debug|Any CPU.ActiveCfg = Debug|Any CPU
		{0897A24A-FAC0-4FCD-96FB-4FF7F95A10DE}.Debug|Any CPU.Build.0 = Debug|Any CPU
		{0897A24A-FAC0-4FCD-96FB-4FF7F95A10DE}.Release|Any CPU.ActiveCfg = Release|Any CPU
		{0897A24A-FAC0-4FCD-96FB-4FF7F95A10DE}.Release|Any CPU.Build.0 = Release|Any CPU
		{3EC90C68-C2DD-45CF-AB43-BDEFF9E781A0}.Debug|Any CPU.ActiveCfg = Debug|Any CPU
		{3EC90C68-C2DD-45CF-AB43-BDEFF9E781A0}.Debug|Any CPU.Build.0 = Debug|Any CPU
		{3EC90C68-C2DD-45CF-AB43-BDEFF9E781A0}.Release|Any CPU.ActiveCfg = Release|Any CPU
		{3EC90C68-C2DD-45CF-AB43-BDEFF9E781A0}.Release|Any CPU.Build.0 = Release|Any CPU
		{42C8A323-379A-4206-B492-88C1052B5E4B}.Debug|Any CPU.ActiveCfg = Debug|Any CPU
		{42C8A323-379A-4206-B492-88C1052B5E4B}.Debug|Any CPU.Build.0 = Debug|Any CPU
		{42C8A323-379A-4206-B492-88C1052B5E4B}.Release|Any CPU.ActiveCfg = Release|Any CPU
		{42C8A323-379A-4206-B492-88C1052B5E4B}.Release|Any CPU.Build.0 = Release|Any CPU
		{6C41232C-6381-4319-8903-1F2C5CE50E96}.Debug|Any CPU.ActiveCfg = Debug|Any CPU
		{6C41232C-6381-4319-8903-1F2C5CE50E96}.Debug|Any CPU.Build.0 = Debug|Any CPU
		{6C41232C-6381-4319-8903-1F2C5CE50E96}.Release|Any CPU.ActiveCfg = Release|Any CPU
		{6C41232C-6381-4319-8903-1F2C5CE50E96}.Release|Any CPU.Build.0 = Release|Any CPU
	EndGlobalSection
	GlobalSection(SolutionProperties) = preSolution
		HideSolutionNode = FALSE
	EndGlobalSection
	GlobalSection(ExtensibilityGlobals) = postSolution
		SolutionGuid = {24E05AF6-32A2-478C-8A9B-87DEC5CA19B3}
	EndGlobalSection
EndGlobal
