
Microsoft Visual Studio Solution File, Format Version 12.00
# Visual Studio Version 17
VisualStudioVersion = 17.0.31912.275
MinimumVisualStudioVersion = 10.0.40219.1
Project("{9A19103F-16F7-4668-BE54-9A1E7A4F7556}") = "ex.1", "ex.1\ex.1.csproj", "{8AACE15B-BE14-4836-81BF-3B55CC332DC6}"
EndProject
Project("{9A19103F-16F7-4668-BE54-9A1E7A4F7556}") = "ex.2", "ex.2\ex.2.csproj", "{7E8645F1-3181-4FB6-8326-89898ACD1E33}"
EndProject
Project("{9A19103F-16F7-4668-BE54-9A1E7A4F7556}") = "ex.3", "ex.3\ex.3.csproj", "{7F79EE06-575F-4AA8-A288-B935C3DC568F}"
EndProject
Project("{9A19103F-16F7-4668-BE54-9A1E7A4F7556}") = "ex.4", "ex.4\ex.4.csproj", "{42BCA444-16D3-42E3-80D0-B2E9822A3BA3}"
EndProject
Project("{FAE04EC0-301F-11D3-BF4B-00C04F79EFBC}") = "ex.5", "ex.5\ex.5.csproj", "{65BE2198-CB8E-48B0-8189-549C881EC627}"
EndProject
Global
	GlobalSection(SolutionConfigurationPlatforms) = preSolution
		Debug|Any CPU = Debug|Any CPU
		Release|Any CPU = Release|Any CPU
	EndGlobalSection
	GlobalSection(ProjectConfigurationPlatforms) = postSolution
		{8AACE15B-BE14-4836-81BF-3B55CC332DC6}.Debug|Any CPU.ActiveCfg = Debug|Any CPU
		{8AACE15B-BE14-4836-81BF-3B55CC332DC6}.Debug|Any CPU.Build.0 = Debug|Any CPU
		{8AACE15B-BE14-4836-81BF-3B55CC332DC6}.Release|Any CPU.ActiveCfg = Release|Any CPU
		{8AACE15B-BE14-4836-81BF-3B55CC332DC6}.Release|Any CPU.Build.0 = Release|Any CPU
		{7E8645F1-3181-4FB6-8326-89898ACD1E33}.Debug|Any CPU.ActiveCfg = Debug|Any CPU
		{7E8645F1-3181-4FB6-8326-89898ACD1E33}.Debug|Any CPU.Build.0 = Debug|Any CPU
		{7E8645F1-3181-4FB6-8326-89898ACD1E33}.Release|Any CPU.ActiveCfg = Release|Any CPU
		{7E8645F1-3181-4FB6-8326-89898ACD1E33}.Release|Any CPU.Build.0 = Release|Any CPU
		{7F79EE06-575F-4AA8-A288-B935C3DC568F}.Debug|Any CPU.ActiveCfg = Debug|Any CPU
		{7F79EE06-575F-4AA8-A288-B935C3DC568F}.Debug|Any CPU.Build.0 = Debug|Any CPU
		{7F79EE06-575F-4AA8-A288-B935C3DC568F}.Release|Any CPU.ActiveCfg = Release|Any CPU
		{7F79EE06-575F-4AA8-A288-B935C3DC568F}.Release|Any CPU.Build.0 = Release|Any CPU
		{42BCA444-16D3-42E3-80D0-B2E9822A3BA3}.Debug|Any CPU.ActiveCfg = Debug|Any CPU
		{42BCA444-16D3-42E3-80D0-B2E9822A3BA3}.Debug|Any CPU.Build.0 = Debug|Any CPU
		{42BCA444-16D3-42E3-80D0-B2E9822A3BA3}.Release|Any CPU.ActiveCfg = Release|Any CPU
		{42BCA444-16D3-42E3-80D0-B2E9822A3BA3}.Release|Any CPU.Build.0 = Release|Any CPU
		{65BE2198-CB8E-48B0-8189-549C881EC627}.Debug|Any CPU.ActiveCfg = Debug|Any CPU
		{65BE2198-CB8E-48B0-8189-549C881EC627}.Debug|Any CPU.Build.0 = Debug|Any CPU
		{65BE2198-CB8E-48B0-8189-549C881EC627}.Release|Any CPU.ActiveCfg = Release|Any CPU
		{65BE2198-CB8E-48B0-8189-549C881EC627}.Release|Any CPU.Build.0 = Release|Any CPU
	EndGlobalSection
	GlobalSection(SolutionProperties) = preSolution
		HideSolutionNode = FALSE
	EndGlobalSection
	GlobalSection(ExtensibilityGlobals) = postSolution
		SolutionGuid = {C965B699-3DF3-4CE5-A9F7-3C71E0055BD7}
	EndGlobalSection
EndGlobal
