
Microsoft Visual Studio Solution File, Format Version 12.00
# Visual Studio Version 17
VisualStudioVersion = 17.1.32421.90
MinimumVisualStudioVersion = 10.0.40219.1
Project("{9A19103F-16F7-4668-BE54-9A1E7A4F7556}") = "ex.1", "ex.1\ex.1.csproj", "{49B47532-E194-4F13-AF58-293928F4585B}"
EndProject
Project("{9A19103F-16F7-4668-BE54-9A1E7A4F7556}") = "ex.2", "ex.2\ex.2.csproj", "{2BACA4ED-8B01-4A07-BA62-798CECB730F8}"
EndProject
Project("{2150E333-8FDC-42A3-9474-1A3956D46DE8}") = "PDF 1", "PDF 1", "{61B07E72-E195-4B3D-B976-7C2CF2A85CEB}"
EndProject
Project("{2150E333-8FDC-42A3-9474-1A3956D46DE8}") = "PDF 2", "PDF 2", "{DECA3BD0-A529-41EB-B6FB-F24A815D2ADA}"
EndProject
Project("{9A19103F-16F7-4668-BE54-9A1E7A4F7556}") = "ex.3", "ex.3\ex.3.csproj", "{9B5A8A52-BD72-4FF6-82E6-71D7DD4E175F}"
EndProject
Project("{9A19103F-16F7-4668-BE54-9A1E7A4F7556}") = "ex.4", "ex.4\ex.4.csproj", "{E0AEE411-01F0-4532-9520-CB8F5DCF5C53}"
EndProject
Project("{2150E333-8FDC-42A3-9474-1A3956D46DE8}") = "PDF 3", "PDF 3", "{A08A928E-69BD-44CB-90B6-D7A271BA24EC}"
EndProject
Project("{FAE04EC0-301F-11D3-BF4B-00C04F79EFBC}") = "ex.5", "ex.5\ex.5.csproj", "{8C4EEA06-7A82-495A-9C04-5EF253DFD9FD}"
EndProject
Global
	GlobalSection(SolutionConfigurationPlatforms) = preSolution
		Debug|Any CPU = Debug|Any CPU
		Release|Any CPU = Release|Any CPU
	EndGlobalSection
	GlobalSection(ProjectConfigurationPlatforms) = postSolution
		{49B47532-E194-4F13-AF58-293928F4585B}.Debug|Any CPU.ActiveCfg = Debug|Any CPU
		{49B47532-E194-4F13-AF58-293928F4585B}.Debug|Any CPU.Build.0 = Debug|Any CPU
		{49B47532-E194-4F13-AF58-293928F4585B}.Release|Any CPU.ActiveCfg = Release|Any CPU
		{49B47532-E194-4F13-AF58-293928F4585B}.Release|Any CPU.Build.0 = Release|Any CPU
		{2BACA4ED-8B01-4A07-BA62-798CECB730F8}.Debug|Any CPU.ActiveCfg = Debug|Any CPU
		{2BACA4ED-8B01-4A07-BA62-798CECB730F8}.Debug|Any CPU.Build.0 = Debug|Any CPU
		{2BACA4ED-8B01-4A07-BA62-798CECB730F8}.Release|Any CPU.ActiveCfg = Release|Any CPU
		{2BACA4ED-8B01-4A07-BA62-798CECB730F8}.Release|Any CPU.Build.0 = Release|Any CPU
		{9B5A8A52-BD72-4FF6-82E6-71D7DD4E175F}.Debug|Any CPU.ActiveCfg = Debug|Any CPU
		{9B5A8A52-BD72-4FF6-82E6-71D7DD4E175F}.Debug|Any CPU.Build.0 = Debug|Any CPU
		{9B5A8A52-BD72-4FF6-82E6-71D7DD4E175F}.Release|Any CPU.ActiveCfg = Release|Any CPU
		{9B5A8A52-BD72-4FF6-82E6-71D7DD4E175F}.Release|Any CPU.Build.0 = Release|Any CPU
		{E0AEE411-01F0-4532-9520-CB8F5DCF5C53}.Debug|Any CPU.ActiveCfg = Debug|Any CPU
		{E0AEE411-01F0-4532-9520-CB8F5DCF5C53}.Debug|Any CPU.Build.0 = Debug|Any CPU
		{E0AEE411-01F0-4532-9520-CB8F5DCF5C53}.Release|Any CPU.ActiveCfg = Release|Any CPU
		{E0AEE411-01F0-4532-9520-CB8F5DCF5C53}.Release|Any CPU.Build.0 = Release|Any CPU
		{8C4EEA06-7A82-495A-9C04-5EF253DFD9FD}.Debug|Any CPU.ActiveCfg = Debug|Any CPU
		{8C4EEA06-7A82-495A-9C04-5EF253DFD9FD}.Debug|Any CPU.Build.0 = Debug|Any CPU
		{8C4EEA06-7A82-495A-9C04-5EF253DFD9FD}.Release|Any CPU.ActiveCfg = Release|Any CPU
		{8C4EEA06-7A82-495A-9C04-5EF253DFD9FD}.Release|Any CPU.Build.0 = Release|Any CPU
	EndGlobalSection
	GlobalSection(SolutionProperties) = preSolution
		HideSolutionNode = FALSE
	EndGlobalSection
	GlobalSection(NestedProjects) = preSolution
		{49B47532-E194-4F13-AF58-293928F4585B} = {61B07E72-E195-4B3D-B976-7C2CF2A85CEB}
		{2BACA4ED-8B01-4A07-BA62-798CECB730F8} = {DECA3BD0-A529-41EB-B6FB-F24A815D2ADA}
		{9B5A8A52-BD72-4FF6-82E6-71D7DD4E175F} = {DECA3BD0-A529-41EB-B6FB-F24A815D2ADA}
		{E0AEE411-01F0-4532-9520-CB8F5DCF5C53} = {DECA3BD0-A529-41EB-B6FB-F24A815D2ADA}
		{8C4EEA06-7A82-495A-9C04-5EF253DFD9FD} = {A08A928E-69BD-44CB-90B6-D7A271BA24EC}
	EndGlobalSection
	GlobalSection(ExtensibilityGlobals) = postSolution
		SolutionGuid = {8AC8774D-CBB2-4BA0-BE5C-7898F25294CE}
	EndGlobalSection
EndGlobal
