
Microsoft Visual Studio Solution File, Format Version 12.00
# Visual Studio Version 17
VisualStudioVersion = 17.0.31919.166
MinimumVisualStudioVersion = 10.0.40219.1
Project("{FAE04EC0-301F-11D3-BF4B-00C04F79EFBC}") = "ex.4", "ex.4\ex.4.csproj", "{E57742AD-2580-4944-A94D-A48793CC54BD}"
EndProject
Global
	GlobalSection(SolutionConfigurationPlatforms) = preSolution
		Debug|Any CPU = Debug|Any CPU
		Release|Any CPU = Release|Any CPU
	EndGlobalSection
	GlobalSection(ProjectConfigurationPlatforms) = postSolution
		{E57742AD-2580-4944-A94D-A48793CC54BD}.Debug|Any CPU.ActiveCfg = Debug|Any CPU
		{E57742AD-2580-4944-A94D-A48793CC54BD}.Debug|Any CPU.Build.0 = Debug|Any CPU
		{E57742AD-2580-4944-A94D-A48793CC54BD}.Release|Any CPU.ActiveCfg = Release|Any CPU
		{E57742AD-2580-4944-A94D-A48793CC54BD}.Release|Any CPU.Build.0 = Release|Any CPU
	EndGlobalSection
	GlobalSection(SolutionProperties) = preSolution
		HideSolutionNode = FALSE
	EndGlobalSection
	GlobalSection(ExtensibilityGlobals) = postSolution
		SolutionGuid = {8F6DE4AD-68D3-40EC-AA35-6CFCB8B270A4}
	EndGlobalSection
EndGlobal
