
Microsoft Visual Studio Solution File, Format Version 12.00
# Visual Studio Version 17
VisualStudioVersion = 17.0.31912.275
MinimumVisualStudioVersion = 10.0.40219.1
Project("{FAE04EC0-301F-11D3-BF4B-00C04F79EFBC}") = "ex.4", "ex.4\ex.4.csproj", "{182219B1-7A21-42C9-8294-04CEF397487C}"
EndProject
Global
	GlobalSection(SolutionConfigurationPlatforms) = preSolution
		Debug|Any CPU = Debug|Any CPU
		Release|Any CPU = Release|Any CPU
	EndGlobalSection
	GlobalSection(ProjectConfigurationPlatforms) = postSolution
		{182219B1-7A21-42C9-8294-04CEF397487C}.Debug|Any CPU.ActiveCfg = Debug|Any CPU
		{182219B1-7A21-42C9-8294-04CEF397487C}.Debug|Any CPU.Build.0 = Debug|Any CPU
		{182219B1-7A21-42C9-8294-04CEF397487C}.Release|Any CPU.ActiveCfg = Release|Any CPU
		{182219B1-7A21-42C9-8294-04CEF397487C}.Release|Any CPU.Build.0 = Release|Any CPU
	EndGlobalSection
	GlobalSection(SolutionProperties) = preSolution
		HideSolutionNode = FALSE
	EndGlobalSection
	GlobalSection(ExtensibilityGlobals) = postSolution
		SolutionGuid = {3EC0380C-86AE-4BEC-B146-10567CCDFCF7}
	EndGlobalSection
EndGlobal
