
Microsoft Visual Studio Solution File, Format Version 12.00
# Visual Studio Version 17
VisualStudioVersion = 17.0.32112.339
MinimumVisualStudioVersion = 10.0.40219.1
Project("{FAE04EC0-301F-11D3-BF4B-00C04F79EFBC}") = "ex.3", "ex.3\ex.3.csproj", "{A6DB7E47-E3E9-45C1-B320-06E505613C4D}"
EndProject
Project("{FAE04EC0-301F-11D3-BF4B-00C04F79EFBC}") = "ex.4", "ex.4\ex.4.csproj", "{0087609B-75B6-46C0-BA94-6A5C7AF1F6FD}"
EndProject
Project("{FAE04EC0-301F-11D3-BF4B-00C04F79EFBC}") = "ex.5", "ex.5\ex.5.csproj", "{69BB2D1F-1A30-47E1-8843-8B676C9C43AD}"
EndProject
Project("{FAE04EC0-301F-11D3-BF4B-00C04F79EFBC}") = "ex.1", "ex.1\ex.1.csproj", "{42D14D42-0C0E-4D4E-BB4B-7597519890CB}"
EndProject
Project("{FAE04EC0-301F-11D3-BF4B-00C04F79EFBC}") = "ex.2", "ex.2\ex.2.csproj", "{B9236222-2B35-4565-9B03-37342AB9F328}"
EndProject
Project("{FAE04EC0-301F-11D3-BF4B-00C04F79EFBC}") = "ex.6", "ex.6\ex.6.csproj", "{9C1C7344-75CA-4BF2-A0AF-AB18F8F6B4A3}"
EndProject
Project("{FAE04EC0-301F-11D3-BF4B-00C04F79EFBC}") = "ex.7", "ex.7\ex.7.csproj", "{42B88640-523D-4C53-8381-D1F50575409C}"
EndProject
Project("{FAE04EC0-301F-11D3-BF4B-00C04F79EFBC}") = "ex.8", "ex.8\ex.8.csproj", "{C4B0FEA9-9512-4A74-B0A8-7090D0617BE9}"
EndProject
Project("{FAE04EC0-301F-11D3-BF4B-00C04F79EFBC}") = "ex.9", "ex.9\ex.9.csproj", "{1734C51C-1978-4DB7-98C4-3F30D9BDB8EF}"
EndProject
Project("{FAE04EC0-301F-11D3-BF4B-00C04F79EFBC}") = "ex.10", "ex.10\ex.10.csproj", "{15637AD0-7473-46B4-970E-89EB8518CBA1}"
EndProject
Global
	GlobalSection(SolutionProperties) = preSolution
		HideSolutionNode = FALSE
	EndGlobalSection
	GlobalSection(ExtensibilityGlobals) = postSolution
		SolutionGuid = {E78760C1-A4BA-49CC-818D-59C023BE65AE}
	EndGlobalSection
	GlobalSection(ProjectConfigurationPlatforms) = postSolution
		{A6DB7E47-E3E9-45C1-B320-06E505613C4D}.BUILD AND RUN|Any CPU.ActiveCfg = BUILD AND RUN|Any CPU
		{A6DB7E47-E3E9-45C1-B320-06E505613C4D}.BUILD AND RUN|Any CPU.Build.0 = BUILD AND RUN|Any CPU
		{0087609B-75B6-46C0-BA94-6A5C7AF1F6FD}.BUILD AND RUN|Any CPU.ActiveCfg = Debug|Any CPU
		{0087609B-75B6-46C0-BA94-6A5C7AF1F6FD}.BUILD AND RUN|Any CPU.Build.0 = Debug|Any CPU
		{69BB2D1F-1A30-47E1-8843-8B676C9C43AD}.BUILD AND RUN|Any CPU.ActiveCfg = Debug|Any CPU
		{69BB2D1F-1A30-47E1-8843-8B676C9C43AD}.BUILD AND RUN|Any CPU.Build.0 = Debug|Any CPU
		{42D14D42-0C0E-4D4E-BB4B-7597519890CB}.BUILD AND RUN|Any CPU.ActiveCfg = Debug|Any CPU
		{42D14D42-0C0E-4D4E-BB4B-7597519890CB}.BUILD AND RUN|Any CPU.Build.0 = Debug|Any CPU
		{B9236222-2B35-4565-9B03-37342AB9F328}.BUILD AND RUN|Any CPU.ActiveCfg = Debug|Any CPU
		{B9236222-2B35-4565-9B03-37342AB9F328}.BUILD AND RUN|Any CPU.Build.0 = Debug|Any CPU
		{9C1C7344-75CA-4BF2-A0AF-AB18F8F6B4A3}.BUILD AND RUN|Any CPU.ActiveCfg = Debug|Any CPU
		{9C1C7344-75CA-4BF2-A0AF-AB18F8F6B4A3}.BUILD AND RUN|Any CPU.Build.0 = Debug|Any CPU
		{42B88640-523D-4C53-8381-D1F50575409C}.BUILD AND RUN|Any CPU.ActiveCfg = Debug|Any CPU
		{42B88640-523D-4C53-8381-D1F50575409C}.BUILD AND RUN|Any CPU.Build.0 = Debug|Any CPU
		{C4B0FEA9-9512-4A74-B0A8-7090D0617BE9}.BUILD AND RUN|Any CPU.ActiveCfg = Debug|Any CPU
		{C4B0FEA9-9512-4A74-B0A8-7090D0617BE9}.BUILD AND RUN|Any CPU.Build.0 = Debug|Any CPU
		{1734C51C-1978-4DB7-98C4-3F30D9BDB8EF}.BUILD AND RUN|Any CPU.ActiveCfg = Debug|Any CPU
		{1734C51C-1978-4DB7-98C4-3F30D9BDB8EF}.BUILD AND RUN|Any CPU.Build.0 = Debug|Any CPU
		{15637AD0-7473-46B4-970E-89EB8518CBA1}.BUILD AND RUN|Any CPU.ActiveCfg = Debug|Any CPU
		{15637AD0-7473-46B4-970E-89EB8518CBA1}.BUILD AND RUN|Any CPU.Build.0 = Debug|Any CPU
	EndGlobalSection
	GlobalSection(SolutionConfigurationPlatforms) = preSolution
		BUILD AND RUN|Any CPU = BUILD AND RUN|Any CPU
	EndGlobalSection
EndGlobal
