
Microsoft Visual Studio Solution File, Format Version 12.00
# Visual Studio Version 17
VisualStudioVersion = 17.0.32112.339
MinimumVisualStudioVersion = 10.0.40219.1
Project("{FAE04EC0-301F-11D3-BF4B-00C04F79EFBC}") = "ex.1", "ex.1\ex.1.csproj", "{49AFCA67-2C51-4277-8889-7C62902467D7}"
EndProject
Project("{FAE04EC0-301F-11D3-BF4B-00C04F79EFBC}") = "ex.2", "ex.2\ex.2.csproj", "{AE636EB8-F99F-400A-BA36-FEBA47290491}"
EndProject
Project("{FAE04EC0-301F-11D3-BF4B-00C04F79EFBC}") = "ex.3", "ex.3\ex.3.csproj", "{F3F21201-5BBC-464E-8292-6A1215E2AEF7}"
EndProject
Project("{FAE04EC0-301F-11D3-BF4B-00C04F79EFBC}") = "ex.4", "ex.4\ex.4.csproj", "{8B7902AB-871E-4F37-B30C-C77128260BBC}"
EndProject
Project("{FAE04EC0-301F-11D3-BF4B-00C04F79EFBC}") = "ex.5", "ex.5\ex.5.csproj", "{892C18DC-C666-4743-A346-813AED680BE4}"
EndProject
Project("{FAE04EC0-301F-11D3-BF4B-00C04F79EFBC}") = "ex.6", "ex.6\ex.6.csproj", "{8239F803-1740-4B1C-A3DB-B9FE8E645FE6}"
EndProject
Project("{FAE04EC0-301F-11D3-BF4B-00C04F79EFBC}") = "ex.7", "ex.7\ex.7.csproj", "{A8D1CA10-7B32-4D7C-8BA2-0F750CFAAC6C}"
EndProject
Project("{FAE04EC0-301F-11D3-BF4B-00C04F79EFBC}") = "ex.8", "ex.8\ex.8.csproj", "{70438E6A-E8A9-4E90-9F8E-46825EB06827}"
EndProject
Global
	GlobalSection(SolutionProperties) = preSolution
		HideSolutionNode = FALSE
	EndGlobalSection
	GlobalSection(ExtensibilityGlobals) = postSolution
		SolutionGuid = {BE864A91-ADB4-4216-BFAE-9C88B70E7285}
	EndGlobalSection
	GlobalSection(ProjectConfigurationPlatforms) = postSolution
		{49AFCA67-2C51-4277-8889-7C62902467D7}.Config|Any CPU.ActiveCfg = Config|Any CPU
		{49AFCA67-2C51-4277-8889-7C62902467D7}.Config|Any CPU.Build.0 = Config|Any CPU
		{AE636EB8-F99F-400A-BA36-FEBA47290491}.Config|Any CPU.ActiveCfg = Debug|Any CPU
		{AE636EB8-F99F-400A-BA36-FEBA47290491}.Config|Any CPU.Build.0 = Debug|Any CPU
		{F3F21201-5BBC-464E-8292-6A1215E2AEF7}.Config|Any CPU.ActiveCfg = Debug|Any CPU
		{F3F21201-5BBC-464E-8292-6A1215E2AEF7}.Config|Any CPU.Build.0 = Debug|Any CPU
		{8B7902AB-871E-4F37-B30C-C77128260BBC}.Config|Any CPU.ActiveCfg = Debug|Any CPU
		{8B7902AB-871E-4F37-B30C-C77128260BBC}.Config|Any CPU.Build.0 = Debug|Any CPU
		{892C18DC-C666-4743-A346-813AED680BE4}.Config|Any CPU.ActiveCfg = Debug|Any CPU
		{892C18DC-C666-4743-A346-813AED680BE4}.Config|Any CPU.Build.0 = Debug|Any CPU
		{8239F803-1740-4B1C-A3DB-B9FE8E645FE6}.Config|Any CPU.ActiveCfg = Debug|Any CPU
		{8239F803-1740-4B1C-A3DB-B9FE8E645FE6}.Config|Any CPU.Build.0 = Debug|Any CPU
		{A8D1CA10-7B32-4D7C-8BA2-0F750CFAAC6C}.Config|Any CPU.ActiveCfg = Debug|Any CPU
		{A8D1CA10-7B32-4D7C-8BA2-0F750CFAAC6C}.Config|Any CPU.Build.0 = Debug|Any CPU
		{70438E6A-E8A9-4E90-9F8E-46825EB06827}.Config|Any CPU.ActiveCfg = Debug|Any CPU
		{70438E6A-E8A9-4E90-9F8E-46825EB06827}.Config|Any CPU.Build.0 = Debug|Any CPU
	EndGlobalSection
	GlobalSection(SolutionConfigurationPlatforms) = preSolution
		Config|Any CPU = Config|Any CPU
	EndGlobalSection
EndGlobal
