
Microsoft Visual Studio Solution File, Format Version 12.00
# Visual Studio Version 17
VisualStudioVersion = 17.1.32407.343
MinimumVisualStudioVersion = 10.0.40219.1
Project("{9A19103F-16F7-4668-BE54-9A1E7A4F7556}") = "ex.1", "ex.1\ex.1.csproj", "{D91EF2C8-9929-4F20-A9FE-28AB7C9FAF97}"
EndProject
Project("{9A19103F-16F7-4668-BE54-9A1E7A4F7556}") = "ex.2", "ex.2\ex.2.csproj", "{4A78233F-D602-461B-BD00-F5F7B1AC2E50}"
EndProject
Project("{9A19103F-16F7-4668-BE54-9A1E7A4F7556}") = "ex.3", "ex.3\ex.3.csproj", "{2E629CFE-8716-4EF4-9C36-F6DAB04DFC36}"
EndProject
Project("{9A19103F-16F7-4668-BE54-9A1E7A4F7556}") = "ex.4", "ex.4\ex.4.csproj", "{C38272EE-E5A6-4D16-9C8B-B4C7B07592D5}"
EndProject
Project("{9A19103F-16F7-4668-BE54-9A1E7A4F7556}") = "ex.5", "ex.5\ex.5.csproj", "{7CC0943C-4044-46A6-857B-FB945B193814}"
EndProject
Project("{9A19103F-16F7-4668-BE54-9A1E7A4F7556}") = "ex.6", "ex.6\ex.6.csproj", "{F7EE0119-17F4-46F4-B459-2B520B6DE322}"
EndProject
Project("{9A19103F-16F7-4668-BE54-9A1E7A4F7556}") = "ex.7", "ex.7\ex.7.csproj", "{8DD5248E-71ED-4E8F-9FE9-3C03C7E877B0}"
EndProject
Project("{9A19103F-16F7-4668-BE54-9A1E7A4F7556}") = "ex.8", "ex.8\ex.8.csproj", "{582453B9-E9E3-4DF8-9020-DC1759862304}"
EndProject
Project("{9A19103F-16F7-4668-BE54-9A1E7A4F7556}") = "ex.9", "ex.9\ex.9.csproj", "{B8679C22-B05B-4342-96D1-260E29A5DE07}"
EndProject
Project("{9A19103F-16F7-4668-BE54-9A1E7A4F7556}") = "ex.10", "ex.10\ex.10.csproj", "{EDE66EF8-A214-4E9D-B514-3BE958FA1DD8}"
EndProject
Project("{9A19103F-16F7-4668-BE54-9A1E7A4F7556}") = "ex.11", "ex.11\ex.11.csproj", "{50D3409E-6224-4771-8E70-22449DBA9CD5}"
EndProject
Project("{9A19103F-16F7-4668-BE54-9A1E7A4F7556}") = "ex.12", "ex.12\ex.12.csproj", "{3DA3F883-2EC2-41C8-8EBC-6AAF4F941EBB}"
EndProject
Project("{9A19103F-16F7-4668-BE54-9A1E7A4F7556}") = "ex.13", "ex.13\ex.13.csproj", "{FE55B6D6-CB30-48B3-9485-7A708A652E42}"
EndProject
Project("{9A19103F-16F7-4668-BE54-9A1E7A4F7556}") = "ex.14", "ex.14\ex.14.csproj", "{A5FFCF41-E06D-42E7-88EA-02BF85823ACD}"
EndProject
Project("{9A19103F-16F7-4668-BE54-9A1E7A4F7556}") = "ex.15", "ex.15\ex.15.csproj", "{3656DB20-A1BD-4D1B-BB7E-86013226BF6C}"
EndProject
Project("{9A19103F-16F7-4668-BE54-9A1E7A4F7556}") = "ex.16", "ex.16\ex.16.csproj", "{84788FF5-4DA9-4B52-A9D8-180DCCBFC3A4}"
EndProject
Project("{9A19103F-16F7-4668-BE54-9A1E7A4F7556}") = "ex.17", "ex.17\ex.17.csproj", "{4D6AC648-CBCB-42B9-BFF2-A1C0828F0BA3}"
EndProject
Project("{FAE04EC0-301F-11D3-BF4B-00C04F79EFBC}") = "ex.18", "ex.18\ex.18.csproj", "{4B662612-59E4-445E-9E23-C94CB322E9F3}"
EndProject
Project("{FAE04EC0-301F-11D3-BF4B-00C04F79EFBC}") = "ex.19", "ex.19\ex.19.csproj", "{F0211DAD-A6A0-4B10-ABB7-1337A4FC3961}"
EndProject
Project("{FAE04EC0-301F-11D3-BF4B-00C04F79EFBC}") = "ex.20", "ex.20\ex.20.csproj", "{EAB021E9-3971-4D58-8000-F8A062F8678C}"
EndProject
Project("{FAE04EC0-301F-11D3-BF4B-00C04F79EFBC}") = "ex.21", "ex.21\ex.21.csproj", "{AD33C9D7-43E5-417B-B7B7-B4DDBA753522}"
EndProject
Project("{FAE04EC0-301F-11D3-BF4B-00C04F79EFBC}") = "ex.22", "ex.22\ex.22.csproj", "{772AB9A3-4550-444F-9ED2-3BBE13593C5B}"
EndProject
Project("{FAE04EC0-301F-11D3-BF4B-00C04F79EFBC}") = "ex.23", "ex.23\ex.23.csproj", "{C77CF3B4-9E1E-4DA3-9B21-BE024784F5CD}"
EndProject
Project("{FAE04EC0-301F-11D3-BF4B-00C04F79EFBC}") = "ex.24", "ex.24\ex.24.csproj", "{35A1E73B-A6B3-42A1-AD37-D0D41AC183F2}"
EndProject
Global
	GlobalSection(SolutionConfigurationPlatforms) = preSolution
		Debug|Any CPU = Debug|Any CPU
		Release|Any CPU = Release|Any CPU
	EndGlobalSection
	GlobalSection(ProjectConfigurationPlatforms) = postSolution
		{D91EF2C8-9929-4F20-A9FE-28AB7C9FAF97}.Debug|Any CPU.ActiveCfg = Debug|Any CPU
		{D91EF2C8-9929-4F20-A9FE-28AB7C9FAF97}.Debug|Any CPU.Build.0 = Debug|Any CPU
		{D91EF2C8-9929-4F20-A9FE-28AB7C9FAF97}.Release|Any CPU.ActiveCfg = Release|Any CPU
		{D91EF2C8-9929-4F20-A9FE-28AB7C9FAF97}.Release|Any CPU.Build.0 = Release|Any CPU
		{4A78233F-D602-461B-BD00-F5F7B1AC2E50}.Debug|Any CPU.ActiveCfg = Debug|Any CPU
		{4A78233F-D602-461B-BD00-F5F7B1AC2E50}.Debug|Any CPU.Build.0 = Debug|Any CPU
		{4A78233F-D602-461B-BD00-F5F7B1AC2E50}.Release|Any CPU.ActiveCfg = Release|Any CPU
		{4A78233F-D602-461B-BD00-F5F7B1AC2E50}.Release|Any CPU.Build.0 = Release|Any CPU
		{2E629CFE-8716-4EF4-9C36-F6DAB04DFC36}.Debug|Any CPU.ActiveCfg = Debug|Any CPU
		{2E629CFE-8716-4EF4-9C36-F6DAB04DFC36}.Debug|Any CPU.Build.0 = Debug|Any CPU
		{2E629CFE-8716-4EF4-9C36-F6DAB04DFC36}.Release|Any CPU.ActiveCfg = Release|Any CPU
		{2E629CFE-8716-4EF4-9C36-F6DAB04DFC36}.Release|Any CPU.Build.0 = Release|Any CPU
		{C38272EE-E5A6-4D16-9C8B-B4C7B07592D5}.Debug|Any CPU.ActiveCfg = Debug|Any CPU
		{C38272EE-E5A6-4D16-9C8B-B4C7B07592D5}.Debug|Any CPU.Build.0 = Debug|Any CPU
		{C38272EE-E5A6-4D16-9C8B-B4C7B07592D5}.Release|Any CPU.ActiveCfg = Release|Any CPU
		{C38272EE-E5A6-4D16-9C8B-B4C7B07592D5}.Release|Any CPU.Build.0 = Release|Any CPU
		{7CC0943C-4044-46A6-857B-FB945B193814}.Debug|Any CPU.ActiveCfg = Debug|Any CPU
		{7CC0943C-4044-46A6-857B-FB945B193814}.Debug|Any CPU.Build.0 = Debug|Any CPU
		{7CC0943C-4044-46A6-857B-FB945B193814}.Release|Any CPU.ActiveCfg = Release|Any CPU
		{7CC0943C-4044-46A6-857B-FB945B193814}.Release|Any CPU.Build.0 = Release|Any CPU
		{F7EE0119-17F4-46F4-B459-2B520B6DE322}.Debug|Any CPU.ActiveCfg = Debug|Any CPU
		{F7EE0119-17F4-46F4-B459-2B520B6DE322}.Debug|Any CPU.Build.0 = Debug|Any CPU
		{F7EE0119-17F4-46F4-B459-2B520B6DE322}.Release|Any CPU.ActiveCfg = Release|Any CPU
		{F7EE0119-17F4-46F4-B459-2B520B6DE322}.Release|Any CPU.Build.0 = Release|Any CPU
		{8DD5248E-71ED-4E8F-9FE9-3C03C7E877B0}.Debug|Any CPU.ActiveCfg = Debug|Any CPU
		{8DD5248E-71ED-4E8F-9FE9-3C03C7E877B0}.Debug|Any CPU.Build.0 = Debug|Any CPU
		{8DD5248E-71ED-4E8F-9FE9-3C03C7E877B0}.Release|Any CPU.ActiveCfg = Release|Any CPU
		{8DD5248E-71ED-4E8F-9FE9-3C03C7E877B0}.Release|Any CPU.Build.0 = Release|Any CPU
		{582453B9-E9E3-4DF8-9020-DC1759862304}.Debug|Any CPU.ActiveCfg = Debug|Any CPU
		{582453B9-E9E3-4DF8-9020-DC1759862304}.Debug|Any CPU.Build.0 = Debug|Any CPU
		{582453B9-E9E3-4DF8-9020-DC1759862304}.Release|Any CPU.ActiveCfg = Release|Any CPU
		{582453B9-E9E3-4DF8-9020-DC1759862304}.Release|Any CPU.Build.0 = Release|Any CPU
		{B8679C22-B05B-4342-96D1-260E29A5DE07}.Debug|Any CPU.ActiveCfg = Debug|Any CPU
		{B8679C22-B05B-4342-96D1-260E29A5DE07}.Debug|Any CPU.Build.0 = Debug|Any CPU
		{B8679C22-B05B-4342-96D1-260E29A5DE07}.Release|Any CPU.ActiveCfg = Release|Any CPU
		{B8679C22-B05B-4342-96D1-260E29A5DE07}.Release|Any CPU.Build.0 = Release|Any CPU
		{EDE66EF8-A214-4E9D-B514-3BE958FA1DD8}.Debug|Any CPU.ActiveCfg = Debug|Any CPU
		{EDE66EF8-A214-4E9D-B514-3BE958FA1DD8}.Debug|Any CPU.Build.0 = Debug|Any CPU
		{EDE66EF8-A214-4E9D-B514-3BE958FA1DD8}.Release|Any CPU.ActiveCfg = Release|Any CPU
		{EDE66EF8-A214-4E9D-B514-3BE958FA1DD8}.Release|Any CPU.Build.0 = Release|Any CPU
		{50D3409E-6224-4771-8E70-22449DBA9CD5}.Debug|Any CPU.ActiveCfg = Debug|Any CPU
		{50D3409E-6224-4771-8E70-22449DBA9CD5}.Debug|Any CPU.Build.0 = Debug|Any CPU
		{50D3409E-6224-4771-8E70-22449DBA9CD5}.Release|Any CPU.ActiveCfg = Release|Any CPU
		{50D3409E-6224-4771-8E70-22449DBA9CD5}.Release|Any CPU.Build.0 = Release|Any CPU
		{3DA3F883-2EC2-41C8-8EBC-6AAF4F941EBB}.Debug|Any CPU.ActiveCfg = Debug|Any CPU
		{3DA3F883-2EC2-41C8-8EBC-6AAF4F941EBB}.Debug|Any CPU.Build.0 = Debug|Any CPU
		{3DA3F883-2EC2-41C8-8EBC-6AAF4F941EBB}.Release|Any CPU.ActiveCfg = Release|Any CPU
		{3DA3F883-2EC2-41C8-8EBC-6AAF4F941EBB}.Release|Any CPU.Build.0 = Release|Any CPU
		{FE55B6D6-CB30-48B3-9485-7A708A652E42}.Debug|Any CPU.ActiveCfg = Debug|Any CPU
		{FE55B6D6-CB30-48B3-9485-7A708A652E42}.Debug|Any CPU.Build.0 = Debug|Any CPU
		{FE55B6D6-CB30-48B3-9485-7A708A652E42}.Release|Any CPU.ActiveCfg = Release|Any CPU
		{FE55B6D6-CB30-48B3-9485-7A708A652E42}.Release|Any CPU.Build.0 = Release|Any CPU
		{A5FFCF41-E06D-42E7-88EA-02BF85823ACD}.Debug|Any CPU.ActiveCfg = Debug|Any CPU
		{A5FFCF41-E06D-42E7-88EA-02BF85823ACD}.Debug|Any CPU.Build.0 = Debug|Any CPU
		{A5FFCF41-E06D-42E7-88EA-02BF85823ACD}.Release|Any CPU.ActiveCfg = Release|Any CPU
		{A5FFCF41-E06D-42E7-88EA-02BF85823ACD}.Release|Any CPU.Build.0 = Release|Any CPU
		{3656DB20-A1BD-4D1B-BB7E-86013226BF6C}.Debug|Any CPU.ActiveCfg = Debug|Any CPU
		{3656DB20-A1BD-4D1B-BB7E-86013226BF6C}.Debug|Any CPU.Build.0 = Debug|Any CPU
		{3656DB20-A1BD-4D1B-BB7E-86013226BF6C}.Release|Any CPU.ActiveCfg = Release|Any CPU
		{3656DB20-A1BD-4D1B-BB7E-86013226BF6C}.Release|Any CPU.Build.0 = Release|Any CPU
		{84788FF5-4DA9-4B52-A9D8-180DCCBFC3A4}.Debug|Any CPU.ActiveCfg = Debug|Any CPU
		{84788FF5-4DA9-4B52-A9D8-180DCCBFC3A4}.Debug|Any CPU.Build.0 = Debug|Any CPU
		{84788FF5-4DA9-4B52-A9D8-180DCCBFC3A4}.Release|Any CPU.ActiveCfg = Release|Any CPU
		{84788FF5-4DA9-4B52-A9D8-180DCCBFC3A4}.Release|Any CPU.Build.0 = Release|Any CPU
		{4D6AC648-CBCB-42B9-BFF2-A1C0828F0BA3}.Debug|Any CPU.ActiveCfg = Debug|Any CPU
		{4D6AC648-CBCB-42B9-BFF2-A1C0828F0BA3}.Debug|Any CPU.Build.0 = Debug|Any CPU
		{4D6AC648-CBCB-42B9-BFF2-A1C0828F0BA3}.Release|Any CPU.ActiveCfg = Release|Any CPU
		{4D6AC648-CBCB-42B9-BFF2-A1C0828F0BA3}.Release|Any CPU.Build.0 = Release|Any CPU
		{4B662612-59E4-445E-9E23-C94CB322E9F3}.Debug|Any CPU.ActiveCfg = Debug|Any CPU
		{4B662612-59E4-445E-9E23-C94CB322E9F3}.Debug|Any CPU.Build.0 = Debug|Any CPU
		{4B662612-59E4-445E-9E23-C94CB322E9F3}.Release|Any CPU.ActiveCfg = Release|Any CPU
		{4B662612-59E4-445E-9E23-C94CB322E9F3}.Release|Any CPU.Build.0 = Release|Any CPU
		{F0211DAD-A6A0-4B10-ABB7-1337A4FC3961}.Debug|Any CPU.ActiveCfg = Debug|Any CPU
		{F0211DAD-A6A0-4B10-ABB7-1337A4FC3961}.Debug|Any CPU.Build.0 = Debug|Any CPU
		{F0211DAD-A6A0-4B10-ABB7-1337A4FC3961}.Release|Any CPU.ActiveCfg = Release|Any CPU
		{F0211DAD-A6A0-4B10-ABB7-1337A4FC3961}.Release|Any CPU.Build.0 = Release|Any CPU
		{EAB021E9-3971-4D58-8000-F8A062F8678C}.Debug|Any CPU.ActiveCfg = Debug|Any CPU
		{EAB021E9-3971-4D58-8000-F8A062F8678C}.Debug|Any CPU.Build.0 = Debug|Any CPU
		{EAB021E9-3971-4D58-8000-F8A062F8678C}.Release|Any CPU.ActiveCfg = Release|Any CPU
		{EAB021E9-3971-4D58-8000-F8A062F8678C}.Release|Any CPU.Build.0 = Release|Any CPU
		{AD33C9D7-43E5-417B-B7B7-B4DDBA753522}.Debug|Any CPU.ActiveCfg = Debug|Any CPU
		{AD33C9D7-43E5-417B-B7B7-B4DDBA753522}.Debug|Any CPU.Build.0 = Debug|Any CPU
		{AD33C9D7-43E5-417B-B7B7-B4DDBA753522}.Release|Any CPU.ActiveCfg = Release|Any CPU
		{AD33C9D7-43E5-417B-B7B7-B4DDBA753522}.Release|Any CPU.Build.0 = Release|Any CPU
		{772AB9A3-4550-444F-9ED2-3BBE13593C5B}.Debug|Any CPU.ActiveCfg = Debug|Any CPU
		{772AB9A3-4550-444F-9ED2-3BBE13593C5B}.Debug|Any CPU.Build.0 = Debug|Any CPU
		{772AB9A3-4550-444F-9ED2-3BBE13593C5B}.Release|Any CPU.ActiveCfg = Release|Any CPU
		{772AB9A3-4550-444F-9ED2-3BBE13593C5B}.Release|Any CPU.Build.0 = Release|Any CPU
		{C77CF3B4-9E1E-4DA3-9B21-BE024784F5CD}.Debug|Any CPU.ActiveCfg = Debug|Any CPU
		{C77CF3B4-9E1E-4DA3-9B21-BE024784F5CD}.Debug|Any CPU.Build.0 = Debug|Any CPU
		{C77CF3B4-9E1E-4DA3-9B21-BE024784F5CD}.Release|Any CPU.ActiveCfg = Release|Any CPU
		{C77CF3B4-9E1E-4DA3-9B21-BE024784F5CD}.Release|Any CPU.Build.0 = Release|Any CPU
		{35A1E73B-A6B3-42A1-AD37-D0D41AC183F2}.Debug|Any CPU.ActiveCfg = Debug|Any CPU
		{35A1E73B-A6B3-42A1-AD37-D0D41AC183F2}.Debug|Any CPU.Build.0 = Debug|Any CPU
		{35A1E73B-A6B3-42A1-AD37-D0D41AC183F2}.Release|Any CPU.ActiveCfg = Release|Any CPU
		{35A1E73B-A6B3-42A1-AD37-D0D41AC183F2}.Release|Any CPU.Build.0 = Release|Any CPU
	EndGlobalSection
	GlobalSection(SolutionProperties) = preSolution
		HideSolutionNode = FALSE
	EndGlobalSection
	GlobalSection(ExtensibilityGlobals) = postSolution
		SolutionGuid = {B8993D88-67A1-47F0-84B6-E482F1EF80C5}
	EndGlobalSection
EndGlobal
