
Microsoft Visual Studio Solution File, Format Version 12.00
# Visual Studio Version 17
VisualStudioVersion = 17.1.32421.90
MinimumVisualStudioVersion = 10.0.40219.1
Project("{9A19103F-16F7-4668-BE54-9A1E7A4F7556}") = "ex.1", "ex.1\ex.1.csproj", "{8FDB11C6-3E05-4621-9771-DB6475B107EA}"
EndProject
Project("{9A19103F-16F7-4668-BE54-9A1E7A4F7556}") = "ex.2", "ex.2\ex.2.csproj", "{B5772BF9-2A87-4EB4-8798-32915B2A4A1A}"
EndProject
Project("{9A19103F-16F7-4668-BE54-9A1E7A4F7556}") = "ex.3", "ex.3\ex.3.csproj", "{18494E26-D9F8-4DE4-8D8F-0E91A4A8E77E}"
EndProject
Project("{2150E333-8FDC-42A3-9474-1A3956D46DE8}") = "PDF 1", "PDF 1", "{AA096D3E-1C10-4759-81EE-EB8D9F192AAC}"
EndProject
Project("{2150E333-8FDC-42A3-9474-1A3956D46DE8}") = "PDF 2", "PDF 2", "{2D66F136-0BD5-4766-B4AD-3EEC74B19C3F}"
EndProject
Project("{FAE04EC0-301F-11D3-BF4B-00C04F79EFBC}") = "ex.6", "ex.6\ex.6.csproj", "{FEE57DB2-E26B-4B30-B439-F991C1E956BE}"
EndProject
Global
	GlobalSection(SolutionConfigurationPlatforms) = preSolution
		Debug|Any CPU = Debug|Any CPU
		Release|Any CPU = Release|Any CPU
	EndGlobalSection
	GlobalSection(ProjectConfigurationPlatforms) = postSolution
		{8FDB11C6-3E05-4621-9771-DB6475B107EA}.Debug|Any CPU.ActiveCfg = Debug|Any CPU
		{8FDB11C6-3E05-4621-9771-DB6475B107EA}.Debug|Any CPU.Build.0 = Debug|Any CPU
		{8FDB11C6-3E05-4621-9771-DB6475B107EA}.Release|Any CPU.ActiveCfg = Release|Any CPU
		{8FDB11C6-3E05-4621-9771-DB6475B107EA}.Release|Any CPU.Build.0 = Release|Any CPU
		{B5772BF9-2A87-4EB4-8798-32915B2A4A1A}.Debug|Any CPU.ActiveCfg = Debug|Any CPU
		{B5772BF9-2A87-4EB4-8798-32915B2A4A1A}.Debug|Any CPU.Build.0 = Debug|Any CPU
		{B5772BF9-2A87-4EB4-8798-32915B2A4A1A}.Release|Any CPU.ActiveCfg = Release|Any CPU
		{B5772BF9-2A87-4EB4-8798-32915B2A4A1A}.Release|Any CPU.Build.0 = Release|Any CPU
		{18494E26-D9F8-4DE4-8D8F-0E91A4A8E77E}.Debug|Any CPU.ActiveCfg = Debug|Any CPU
		{18494E26-D9F8-4DE4-8D8F-0E91A4A8E77E}.Debug|Any CPU.Build.0 = Debug|Any CPU
		{18494E26-D9F8-4DE4-8D8F-0E91A4A8E77E}.Release|Any CPU.ActiveCfg = Release|Any CPU
		{18494E26-D9F8-4DE4-8D8F-0E91A4A8E77E}.Release|Any CPU.Build.0 = Release|Any CPU
		{FEE57DB2-E26B-4B30-B439-F991C1E956BE}.Debug|Any CPU.ActiveCfg = Debug|Any CPU
		{FEE57DB2-E26B-4B30-B439-F991C1E956BE}.Debug|Any CPU.Build.0 = Debug|Any CPU
		{FEE57DB2-E26B-4B30-B439-F991C1E956BE}.Release|Any CPU.ActiveCfg = Release|Any CPU
		{FEE57DB2-E26B-4B30-B439-F991C1E956BE}.Release|Any CPU.Build.0 = Release|Any CPU
	EndGlobalSection
	GlobalSection(SolutionProperties) = preSolution
		HideSolutionNode = FALSE
	EndGlobalSection
	GlobalSection(NestedProjects) = preSolution
		{8FDB11C6-3E05-4621-9771-DB6475B107EA} = {AA096D3E-1C10-4759-81EE-EB8D9F192AAC}
		{B5772BF9-2A87-4EB4-8798-32915B2A4A1A} = {AA096D3E-1C10-4759-81EE-EB8D9F192AAC}
		{18494E26-D9F8-4DE4-8D8F-0E91A4A8E77E} = {AA096D3E-1C10-4759-81EE-EB8D9F192AAC}
		{FEE57DB2-E26B-4B30-B439-F991C1E956BE} = {2D66F136-0BD5-4766-B4AD-3EEC74B19C3F}
	EndGlobalSection
	GlobalSection(ExtensibilityGlobals) = postSolution
		SolutionGuid = {ACAD7A9D-3C8A-407F-A7E5-A27EB25BA447}
	EndGlobalSection
EndGlobal
