
Microsoft Visual Studio Solution File, Format Version 12.00
# Visual Studio Version 17
VisualStudioVersion = 17.0.31825.309
MinimumVisualStudioVersion = 10.0.40219.1
Project("{FAE04EC0-301F-11D3-BF4B-00C04F79EFBC}") = "ex.1", "ex.1\ex.1.csproj", "{FD377D96-AC3D-470A-A52A-35A733C1C5B8}"
EndProject
Project("{FAE04EC0-301F-11D3-BF4B-00C04F79EFBC}") = "ex.2", "ex.2\ex.2.csproj", "{B4343334-0C48-4F85-A1AD-C464EA092F84}"
EndProject
Project("{FAE04EC0-301F-11D3-BF4B-00C04F79EFBC}") = "ex.3", "ex.3\ex.3.csproj", "{5D5E1B96-0577-4EE0-A313-FE234B316C70}"
EndProject
Project("{FAE04EC0-301F-11D3-BF4B-00C04F79EFBC}") = "ex.4", "ex.4\ex.4.csproj", "{98C4D756-8687-4953-AB3C-66A57C5D684B}"
EndProject
Project("{FAE04EC0-301F-11D3-BF4B-00C04F79EFBC}") = "ex.5", "ex.5\ex.5.csproj", "{A6D1188D-D28E-47EA-994C-1A2ACAD4E8F6}"
EndProject
Project("{FAE04EC0-301F-11D3-BF4B-00C04F79EFBC}") = "ex.6", "ex.6\ex.6.csproj", "{C5E35045-45C6-4F1D-99D0-796C17290F01}"
EndProject
Project("{FAE04EC0-301F-11D3-BF4B-00C04F79EFBC}") = "ex.7", "ex.7\ex.7.csproj", "{9E85814E-BCF1-4AEC-B497-EA05D6E74D17}"
EndProject
Project("{FAE04EC0-301F-11D3-BF4B-00C04F79EFBC}") = "ex.8", "ex.8\ex.8.csproj", "{7D3780B9-74C5-45C7-98B3-0EF02D8BC9AE}"
EndProject
Project("{FAE04EC0-301F-11D3-BF4B-00C04F79EFBC}") = "ex.9", "ex.9\ex.9.csproj", "{D77EB4E6-B2F4-42E0-814C-36747751FC00}"
EndProject
Project("{FAE04EC0-301F-11D3-BF4B-00C04F79EFBC}") = "ex.10", "ex.10\ex.10.csproj", "{C212CED8-E6B5-4B96-9165-B8F4343E73AE}"
EndProject
Project("{FAE04EC0-301F-11D3-BF4B-00C04F79EFBC}") = "ex.11", "ex.11\ex.11.csproj", "{BA75BFA3-1550-4588-8BDA-745CB8B6BA83}"
EndProject
Project("{FAE04EC0-301F-11D3-BF4B-00C04F79EFBC}") = "ex.12", "ex.12\ex.12.csproj", "{C2D93091-1D19-4330-AEE2-886BCBAF2323}"
EndProject
Project("{FAE04EC0-301F-11D3-BF4B-00C04F79EFBC}") = "ex.13", "ex.13\ex.13.csproj", "{5C70C3DF-66B5-4122-87E0-9F2DAF82CF8C}"
EndProject
Project("{FAE04EC0-301F-11D3-BF4B-00C04F79EFBC}") = "ex.14", "ex.14\ex.14.csproj", "{1A270E00-AB9B-4A4B-AEE0-6E5B0D2C970D}"
EndProject
Global
	GlobalSection(SolutionConfigurationPlatforms) = preSolution
		Debug|Any CPU = Debug|Any CPU
		Release|Any CPU = Release|Any CPU
	EndGlobalSection
	GlobalSection(ProjectConfigurationPlatforms) = postSolution
		{FD377D96-AC3D-470A-A52A-35A733C1C5B8}.Debug|Any CPU.ActiveCfg = Debug|Any CPU
		{FD377D96-AC3D-470A-A52A-35A733C1C5B8}.Debug|Any CPU.Build.0 = Debug|Any CPU
		{FD377D96-AC3D-470A-A52A-35A733C1C5B8}.Release|Any CPU.ActiveCfg = Release|Any CPU
		{FD377D96-AC3D-470A-A52A-35A733C1C5B8}.Release|Any CPU.Build.0 = Release|Any CPU
		{B4343334-0C48-4F85-A1AD-C464EA092F84}.Debug|Any CPU.ActiveCfg = Debug|Any CPU
		{B4343334-0C48-4F85-A1AD-C464EA092F84}.Debug|Any CPU.Build.0 = Debug|Any CPU
		{B4343334-0C48-4F85-A1AD-C464EA092F84}.Release|Any CPU.ActiveCfg = Release|Any CPU
		{B4343334-0C48-4F85-A1AD-C464EA092F84}.Release|Any CPU.Build.0 = Release|Any CPU
		{5D5E1B96-0577-4EE0-A313-FE234B316C70}.Debug|Any CPU.ActiveCfg = Debug|Any CPU
		{5D5E1B96-0577-4EE0-A313-FE234B316C70}.Debug|Any CPU.Build.0 = Debug|Any CPU
		{5D5E1B96-0577-4EE0-A313-FE234B316C70}.Release|Any CPU.ActiveCfg = Release|Any CPU
		{5D5E1B96-0577-4EE0-A313-FE234B316C70}.Release|Any CPU.Build.0 = Release|Any CPU
		{98C4D756-8687-4953-AB3C-66A57C5D684B}.Debug|Any CPU.ActiveCfg = Debug|Any CPU
		{98C4D756-8687-4953-AB3C-66A57C5D684B}.Debug|Any CPU.Build.0 = Debug|Any CPU
		{98C4D756-8687-4953-AB3C-66A57C5D684B}.Release|Any CPU.ActiveCfg = Release|Any CPU
		{98C4D756-8687-4953-AB3C-66A57C5D684B}.Release|Any CPU.Build.0 = Release|Any CPU
		{A6D1188D-D28E-47EA-994C-1A2ACAD4E8F6}.Debug|Any CPU.ActiveCfg = Debug|Any CPU
		{A6D1188D-D28E-47EA-994C-1A2ACAD4E8F6}.Debug|Any CPU.Build.0 = Debug|Any CPU
		{A6D1188D-D28E-47EA-994C-1A2ACAD4E8F6}.Release|Any CPU.ActiveCfg = Release|Any CPU
		{A6D1188D-D28E-47EA-994C-1A2ACAD4E8F6}.Release|Any CPU.Build.0 = Release|Any CPU
		{C5E35045-45C6-4F1D-99D0-796C17290F01}.Debug|Any CPU.ActiveCfg = Debug|Any CPU
		{C5E35045-45C6-4F1D-99D0-796C17290F01}.Debug|Any CPU.Build.0 = Debug|Any CPU
		{C5E35045-45C6-4F1D-99D0-796C17290F01}.Release|Any CPU.ActiveCfg = Release|Any CPU
		{C5E35045-45C6-4F1D-99D0-796C17290F01}.Release|Any CPU.Build.0 = Release|Any CPU
		{9E85814E-BCF1-4AEC-B497-EA05D6E74D17}.Debug|Any CPU.ActiveCfg = Debug|Any CPU
		{9E85814E-BCF1-4AEC-B497-EA05D6E74D17}.Debug|Any CPU.Build.0 = Debug|Any CPU
		{9E85814E-BCF1-4AEC-B497-EA05D6E74D17}.Release|Any CPU.ActiveCfg = Release|Any CPU
		{9E85814E-BCF1-4AEC-B497-EA05D6E74D17}.Release|Any CPU.Build.0 = Release|Any CPU
		{7D3780B9-74C5-45C7-98B3-0EF02D8BC9AE}.Debug|Any CPU.ActiveCfg = Debug|Any CPU
		{7D3780B9-74C5-45C7-98B3-0EF02D8BC9AE}.Debug|Any CPU.Build.0 = Debug|Any CPU
		{7D3780B9-74C5-45C7-98B3-0EF02D8BC9AE}.Release|Any CPU.ActiveCfg = Release|Any CPU
		{7D3780B9-74C5-45C7-98B3-0EF02D8BC9AE}.Release|Any CPU.Build.0 = Release|Any CPU
		{D77EB4E6-B2F4-42E0-814C-36747751FC00}.Debug|Any CPU.ActiveCfg = Debug|Any CPU
		{D77EB4E6-B2F4-42E0-814C-36747751FC00}.Debug|Any CPU.Build.0 = Debug|Any CPU
		{D77EB4E6-B2F4-42E0-814C-36747751FC00}.Release|Any CPU.ActiveCfg = Release|Any CPU
		{D77EB4E6-B2F4-42E0-814C-36747751FC00}.Release|Any CPU.Build.0 = Release|Any CPU
		{C212CED8-E6B5-4B96-9165-B8F4343E73AE}.Debug|Any CPU.ActiveCfg = Debug|Any CPU
		{C212CED8-E6B5-4B96-9165-B8F4343E73AE}.Debug|Any CPU.Build.0 = Debug|Any CPU
		{C212CED8-E6B5-4B96-9165-B8F4343E73AE}.Release|Any CPU.ActiveCfg = Release|Any CPU
		{C212CED8-E6B5-4B96-9165-B8F4343E73AE}.Release|Any CPU.Build.0 = Release|Any CPU
		{BA75BFA3-1550-4588-8BDA-745CB8B6BA83}.Debug|Any CPU.ActiveCfg = Debug|Any CPU
		{BA75BFA3-1550-4588-8BDA-745CB8B6BA83}.Debug|Any CPU.Build.0 = Debug|Any CPU
		{BA75BFA3-1550-4588-8BDA-745CB8B6BA83}.Release|Any CPU.ActiveCfg = Release|Any CPU
		{BA75BFA3-1550-4588-8BDA-745CB8B6BA83}.Release|Any CPU.Build.0 = Release|Any CPU
		{C2D93091-1D19-4330-AEE2-886BCBAF2323}.Debug|Any CPU.ActiveCfg = Debug|Any CPU
		{C2D93091-1D19-4330-AEE2-886BCBAF2323}.Debug|Any CPU.Build.0 = Debug|Any CPU
		{C2D93091-1D19-4330-AEE2-886BCBAF2323}.Release|Any CPU.ActiveCfg = Release|Any CPU
		{C2D93091-1D19-4330-AEE2-886BCBAF2323}.Release|Any CPU.Build.0 = Release|Any CPU
		{5C70C3DF-66B5-4122-87E0-9F2DAF82CF8C}.Debug|Any CPU.ActiveCfg = Debug|Any CPU
		{5C70C3DF-66B5-4122-87E0-9F2DAF82CF8C}.Debug|Any CPU.Build.0 = Debug|Any CPU
		{5C70C3DF-66B5-4122-87E0-9F2DAF82CF8C}.Release|Any CPU.ActiveCfg = Release|Any CPU
		{5C70C3DF-66B5-4122-87E0-9F2DAF82CF8C}.Release|Any CPU.Build.0 = Release|Any CPU
		{1A270E00-AB9B-4A4B-AEE0-6E5B0D2C970D}.Debug|Any CPU.ActiveCfg = Debug|Any CPU
		{1A270E00-AB9B-4A4B-AEE0-6E5B0D2C970D}.Debug|Any CPU.Build.0 = Debug|Any CPU
		{1A270E00-AB9B-4A4B-AEE0-6E5B0D2C970D}.Release|Any CPU.ActiveCfg = Release|Any CPU
		{1A270E00-AB9B-4A4B-AEE0-6E5B0D2C970D}.Release|Any CPU.Build.0 = Release|Any CPU
	EndGlobalSection
	GlobalSection(SolutionProperties) = preSolution
		HideSolutionNode = FALSE
	EndGlobalSection
	GlobalSection(ExtensibilityGlobals) = postSolution
		SolutionGuid = {FFD51E4E-CA09-415C-A866-406EA86B6B64}
	EndGlobalSection
EndGlobal
